// !$*UTF8*$!
{
	archiveVersion = 1;
	classes = {
	};
	objectVersion = 46;
	objects = {

/* Begin PBXBuildFile section */
		72D60ED637334F863AD27F14 /* libPods-HoneyDewUITests.a in Frameworks */ = {isa = PBXBuildFile; fileRef = 1FE059E7C00A1988A272AF76 /* libPods-HoneyDewUITests.a */; };
		825F33671ED3762200C47B92 /* ToDo.swift in Sources */ = {isa = PBXBuildFile; fileRef = 825F33661ED3762200C47B92 /* ToDo.swift */; };
		825F33691ED3783C00C47B92 /* List.swift in Sources */ = {isa = PBXBuildFile; fileRef = 825F33681ED3783C00C47B92 /* List.swift */; };
		825F336B1ED37CD200C47B92 /* Permissions.swift in Sources */ = {isa = PBXBuildFile; fileRef = 825F336A1ED37CD200C47B92 /* Permissions.swift */; };
		825F336D1ED37D5200C47B92 /* User.swift in Sources */ = {isa = PBXBuildFile; fileRef = 825F336C1ED37D5200C47B92 /* User.swift */; };
		825F336F1ED4862200C47B92 /* SignInViewController.swift in Sources */ = {isa = PBXBuildFile; fileRef = 825F336E1ED4862200C47B92 /* SignInViewController.swift */; };
		825F33711ED496A200C47B92 /* ToDoViewController.swift in Sources */ = {isa = PBXBuildFile; fileRef = 825F33701ED496A200C47B92 /* ToDoViewController.swift */; };
		827D11781ED4F01E0026E56E /* Constants.swift in Sources */ = {isa = PBXBuildFile; fileRef = 827D11771ED4F01E0026E56E /* Constants.swift */; };
		827D117A1ED4FFF00026E56E /* CreateListViewController.swift in Sources */ = {isa = PBXBuildFile; fileRef = 827D11791ED4FFF00026E56E /* CreateListViewController.swift */; };
		827D117C1ED4FFFD0026E56E /* CreateToDoViewController.swift in Sources */ = {isa = PBXBuildFile; fileRef = 827D117B1ED4FFFD0026E56E /* CreateToDoViewController.swift */; };
		82EFDEEB1ED32D77000294AC /* AppDelegate.swift in Sources */ = {isa = PBXBuildFile; fileRef = 82EFDEEA1ED32D77000294AC /* AppDelegate.swift */; };
		82EFDEED1ED32D77000294AC /* ListViewController.swift in Sources */ = {isa = PBXBuildFile; fileRef = 82EFDEEC1ED32D77000294AC /* ListViewController.swift */; };
		82EFDEF01ED32D77000294AC /* Main.storyboard in Resources */ = {isa = PBXBuildFile; fileRef = 82EFDEEE1ED32D77000294AC /* Main.storyboard */; };
		82EFDEF21ED32D77000294AC /* Assets.xcassets in Resources */ = {isa = PBXBuildFile; fileRef = 82EFDEF11ED32D77000294AC /* Assets.xcassets */; };
		82EFDEF51ED32D77000294AC /* LaunchScreen.storyboard in Resources */ = {isa = PBXBuildFile; fileRef = 82EFDEF31ED32D77000294AC /* LaunchScreen.storyboard */; };
		82EFDF001ED32D77000294AC /* HoneyDewTests.swift in Sources */ = {isa = PBXBuildFile; fileRef = 82EFDEFF1ED32D77000294AC /* HoneyDewTests.swift */; };
		82EFDF0B1ED32D77000294AC /* HoneyDewUITests.swift in Sources */ = {isa = PBXBuildFile; fileRef = 82EFDF0A1ED32D77000294AC /* HoneyDewUITests.swift */; };
		82EFDF191ED32EFB000294AC /* GoogleService-Info.plist in Resources */ = {isa = PBXBuildFile; fileRef = 82EFDF181ED32EFB000294AC /* GoogleService-Info.plist */; };
		83568D431B8169F99005B45A /* libPods-HoneyDewTests.a in Frameworks */ = {isa = PBXBuildFile; fileRef = 4F46D26CEA74CA404A701573 /* libPods-HoneyDewTests.a */; };
		E2F913AE293A34371DD050BD /* Pods_HoneyDew.framework in Frameworks */ = {isa = PBXBuildFile; fileRef = 572FDA78C0B3757136C88DD1 /* Pods_HoneyDew.framework */; };
/* End PBXBuildFile section */

/* Begin PBXContainerItemProxy section */
		82EFDEFC1ED32D77000294AC /* PBXContainerItemProxy */ = {
			isa = PBXContainerItemProxy;
			containerPortal = 82EFDEDF1ED32D77000294AC /* Project object */;
			proxyType = 1;
			remoteGlobalIDString = 82EFDEE61ED32D77000294AC;
			remoteInfo = HoneyDew;
		};
		82EFDF071ED32D77000294AC /* PBXContainerItemProxy */ = {
			isa = PBXContainerItemProxy;
			containerPortal = 82EFDEDF1ED32D77000294AC /* Project object */;
			proxyType = 1;
			remoteGlobalIDString = 82EFDEE61ED32D77000294AC;
			remoteInfo = HoneyDew;
		};
/* End PBXContainerItemProxy section */

/* Begin PBXFileReference section */
		11F25437FC21256416AFB67B /* Pods-HoneyDewTests.release.xcconfig */ = {isa = PBXFileReference; includeInIndex = 1; lastKnownFileType = text.xcconfig; name = "Pods-HoneyDewTests.release.xcconfig"; path = "Pods/Target Support Files/Pods-HoneyDewTests/Pods-HoneyDewTests.release.xcconfig"; sourceTree = "<group>"; };
		1FE059E7C00A1988A272AF76 /* libPods-HoneyDewUITests.a */ = {isa = PBXFileReference; explicitFileType = archive.ar; includeInIndex = 0; path = "libPods-HoneyDewUITests.a"; sourceTree = BUILT_PRODUCTS_DIR; };
		4E6F833B3260004599E4C3D8 /* Pods-HoneyDewTests.debug.xcconfig */ = {isa = PBXFileReference; includeInIndex = 1; lastKnownFileType = text.xcconfig; name = "Pods-HoneyDewTests.debug.xcconfig"; path = "Pods/Target Support Files/Pods-HoneyDewTests/Pods-HoneyDewTests.debug.xcconfig"; sourceTree = "<group>"; };
		4F46D26CEA74CA404A701573 /* libPods-HoneyDewTests.a */ = {isa = PBXFileReference; explicitFileType = archive.ar; includeInIndex = 0; path = "libPods-HoneyDewTests.a"; sourceTree = BUILT_PRODUCTS_DIR; };
		572FDA78C0B3757136C88DD1 /* Pods_HoneyDew.framework */ = {isa = PBXFileReference; explicitFileType = wrapper.framework; includeInIndex = 0; path = Pods_HoneyDew.framework; sourceTree = BUILT_PRODUCTS_DIR; };
		6E1A26156730198688FF2A86 /* Pods-HoneyDewUITests.debug.xcconfig */ = {isa = PBXFileReference; includeInIndex = 1; lastKnownFileType = text.xcconfig; name = "Pods-HoneyDewUITests.debug.xcconfig"; path = "Pods/Target Support Files/Pods-HoneyDewUITests/Pods-HoneyDewUITests.debug.xcconfig"; sourceTree = "<group>"; };
		825F33661ED3762200C47B92 /* ToDo.swift */ = {isa = PBXFileReference; fileEncoding = 4; lastKnownFileType = sourcecode.swift; path = ToDo.swift; sourceTree = "<group>"; };
		825F33681ED3783C00C47B92 /* List.swift */ = {isa = PBXFileReference; fileEncoding = 4; lastKnownFileType = sourcecode.swift; path = List.swift; sourceTree = "<group>"; };
		825F336A1ED37CD200C47B92 /* Permissions.swift */ = {isa = PBXFileReference; fileEncoding = 4; lastKnownFileType = sourcecode.swift; path = Permissions.swift; sourceTree = "<group>"; };
		825F336C1ED37D5200C47B92 /* User.swift */ = {isa = PBXFileReference; fileEncoding = 4; lastKnownFileType = sourcecode.swift; path = User.swift; sourceTree = "<group>"; };
		825F336E1ED4862200C47B92 /* SignInViewController.swift */ = {isa = PBXFileReference; fileEncoding = 4; lastKnownFileType = sourcecode.swift; path = SignInViewController.swift; sourceTree = "<group>"; };
		825F33701ED496A200C47B92 /* ToDoViewController.swift */ = {isa = PBXFileReference; fileEncoding = 4; lastKnownFileType = sourcecode.swift; path = ToDoViewController.swift; sourceTree = "<group>"; };
		827D11771ED4F01E0026E56E /* Constants.swift */ = {isa = PBXFileReference; fileEncoding = 4; lastKnownFileType = sourcecode.swift; path = Constants.swift; sourceTree = "<group>"; };
		827D11791ED4FFF00026E56E /* CreateListViewController.swift */ = {isa = PBXFileReference; fileEncoding = 4; lastKnownFileType = sourcecode.swift; path = CreateListViewController.swift; sourceTree = "<group>"; };
		827D117B1ED4FFFD0026E56E /* CreateToDoViewController.swift */ = {isa = PBXFileReference; fileEncoding = 4; lastKnownFileType = sourcecode.swift; path = CreateToDoViewController.swift; sourceTree = "<group>"; };
		82EFDEE71ED32D77000294AC /* HoneyDew.app */ = {isa = PBXFileReference; explicitFileType = wrapper.application; includeInIndex = 0; path = HoneyDew.app; sourceTree = BUILT_PRODUCTS_DIR; };
		82EFDEEA1ED32D77000294AC /* AppDelegate.swift */ = {isa = PBXFileReference; lastKnownFileType = sourcecode.swift; path = AppDelegate.swift; sourceTree = "<group>"; };
		82EFDEEC1ED32D77000294AC /* ListViewController.swift */ = {isa = PBXFileReference; lastKnownFileType = sourcecode.swift; path = ListViewController.swift; sourceTree = "<group>"; };
		82EFDEEF1ED32D77000294AC /* Base */ = {isa = PBXFileReference; lastKnownFileType = file.storyboard; name = Base; path = Base.lproj/Main.storyboard; sourceTree = "<group>"; };
		82EFDEF11ED32D77000294AC /* Assets.xcassets */ = {isa = PBXFileReference; lastKnownFileType = folder.assetcatalog; path = Assets.xcassets; sourceTree = "<group>"; };
		82EFDEF41ED32D77000294AC /* Base */ = {isa = PBXFileReference; lastKnownFileType = file.storyboard; name = Base; path = Base.lproj/LaunchScreen.storyboard; sourceTree = "<group>"; };
		82EFDEF61ED32D77000294AC /* Info.plist */ = {isa = PBXFileReference; lastKnownFileType = text.plist.xml; path = Info.plist; sourceTree = "<group>"; };
		82EFDEFB1ED32D77000294AC /* HoneyDewTests.xctest */ = {isa = PBXFileReference; explicitFileType = wrapper.cfbundle; includeInIndex = 0; path = HoneyDewTests.xctest; sourceTree = BUILT_PRODUCTS_DIR; };
		82EFDEFF1ED32D77000294AC /* HoneyDewTests.swift */ = {isa = PBXFileReference; lastKnownFileType = sourcecode.swift; path = HoneyDewTests.swift; sourceTree = "<group>"; };
		82EFDF011ED32D77000294AC /* Info.plist */ = {isa = PBXFileReference; lastKnownFileType = text.plist.xml; path = Info.plist; sourceTree = "<group>"; };
		82EFDF061ED32D77000294AC /* HoneyDewUITests.xctest */ = {isa = PBXFileReference; explicitFileType = wrapper.cfbundle; includeInIndex = 0; path = HoneyDewUITests.xctest; sourceTree = BUILT_PRODUCTS_DIR; };
		82EFDF0A1ED32D77000294AC /* HoneyDewUITests.swift */ = {isa = PBXFileReference; lastKnownFileType = sourcecode.swift; path = HoneyDewUITests.swift; sourceTree = "<group>"; };
		82EFDF0C1ED32D77000294AC /* Info.plist */ = {isa = PBXFileReference; lastKnownFileType = text.plist.xml; path = Info.plist; sourceTree = "<group>"; };
		82EFDF181ED32EFB000294AC /* GoogleService-Info.plist */ = {isa = PBXFileReference; fileEncoding = 4; lastKnownFileType = text.plist.xml; name = "GoogleService-Info.plist"; path = "HoneyDew/GoogleService-Info.plist"; sourceTree = "<group>"; };
		9BAE31BC3137C1BB1437C57D /* Pods-HoneyDew.debug.xcconfig */ = {isa = PBXFileReference; includeInIndex = 1; lastKnownFileType = text.xcconfig; name = "Pods-HoneyDew.debug.xcconfig"; path = "Pods/Target Support Files/Pods-HoneyDew/Pods-HoneyDew.debug.xcconfig"; sourceTree = "<group>"; };
		E3F2F9954B64F04B22080741 /* Pods-HoneyDewUITests.release.xcconfig */ = {isa = PBXFileReference; includeInIndex = 1; lastKnownFileType = text.xcconfig; name = "Pods-HoneyDewUITests.release.xcconfig"; path = "Pods/Target Support Files/Pods-HoneyDewUITests/Pods-HoneyDewUITests.release.xcconfig"; sourceTree = "<group>"; };
		F3D1F74C80A9009DD5013597 /* Pods-HoneyDew.release.xcconfig */ = {isa = PBXFileReference; includeInIndex = 1; lastKnownFileType = text.xcconfig; name = "Pods-HoneyDew.release.xcconfig"; path = "Pods/Target Support Files/Pods-HoneyDew/Pods-HoneyDew.release.xcconfig"; sourceTree = "<group>"; };
/* End PBXFileReference section */

/* Begin PBXFrameworksBuildPhase section */
		82EFDEE41ED32D77000294AC /* Frameworks */ = {
			isa = PBXFrameworksBuildPhase;
			buildActionMask = 2147483647;
			files = (
				E2F913AE293A34371DD050BD /* Pods_HoneyDew.framework in Frameworks */,
			);
			runOnlyForDeploymentPostprocessing = 0;
		};
		82EFDEF81ED32D77000294AC /* Frameworks */ = {
			isa = PBXFrameworksBuildPhase;
			buildActionMask = 2147483647;
			files = (
				83568D431B8169F99005B45A /* libPods-HoneyDewTests.a in Frameworks */,
			);
			runOnlyForDeploymentPostprocessing = 0;
		};
		82EFDF031ED32D77000294AC /* Frameworks */ = {
			isa = PBXFrameworksBuildPhase;
			buildActionMask = 2147483647;
			files = (
				72D60ED637334F863AD27F14 /* libPods-HoneyDewUITests.a in Frameworks */,
			);
			runOnlyForDeploymentPostprocessing = 0;
		};
/* End PBXFrameworksBuildPhase section */

/* Begin PBXGroup section */
		5CE6D7BAE2B837EED892A6F0 /* Frameworks */ = {
			isa = PBXGroup;
			children = (
				572FDA78C0B3757136C88DD1 /* Pods_HoneyDew.framework */,
				4F46D26CEA74CA404A701573 /* libPods-HoneyDewTests.a */,
				1FE059E7C00A1988A272AF76 /* libPods-HoneyDewUITests.a */,
			);
			name = Frameworks;
			sourceTree = "<group>";
		};
		7D2BF36F8ACDDCC5591D8FF9 /* Pods */ = {
			isa = PBXGroup;
			children = (
				9BAE31BC3137C1BB1437C57D /* Pods-HoneyDew.debug.xcconfig */,
				F3D1F74C80A9009DD5013597 /* Pods-HoneyDew.release.xcconfig */,
				4E6F833B3260004599E4C3D8 /* Pods-HoneyDewTests.debug.xcconfig */,
				11F25437FC21256416AFB67B /* Pods-HoneyDewTests.release.xcconfig */,
				6E1A26156730198688FF2A86 /* Pods-HoneyDewUITests.debug.xcconfig */,
				E3F2F9954B64F04B22080741 /* Pods-HoneyDewUITests.release.xcconfig */,
			);
			name = Pods;
			sourceTree = "<group>";
		};
		82EFDEDE1ED32D77000294AC = {
			isa = PBXGroup;
			children = (
				82EFDF181ED32EFB000294AC /* GoogleService-Info.plist */,
				82EFDEE91ED32D77000294AC /* HoneyDew */,
				82EFDEFE1ED32D77000294AC /* HoneyDewTests */,
				82EFDF091ED32D77000294AC /* HoneyDewUITests */,
				82EFDEE81ED32D77000294AC /* Products */,
				7D2BF36F8ACDDCC5591D8FF9 /* Pods */,
				5CE6D7BAE2B837EED892A6F0 /* Frameworks */,
			);
			sourceTree = "<group>";
		};
		82EFDEE81ED32D77000294AC /* Products */ = {
			isa = PBXGroup;
			children = (
				82EFDEE71ED32D77000294AC /* HoneyDew.app */,
				82EFDEFB1ED32D77000294AC /* HoneyDewTests.xctest */,
				82EFDF061ED32D77000294AC /* HoneyDewUITests.xctest */,
			);
			name = Products;
			sourceTree = "<group>";
		};
		82EFDEE91ED32D77000294AC /* HoneyDew */ = {
			isa = PBXGroup;
			children = (
				82EFDEEA1ED32D77000294AC /* AppDelegate.swift */,
				82EFDEEC1ED32D77000294AC /* ListViewController.swift */,
				825F33701ED496A200C47B92 /* ToDoViewController.swift */,
				827D11791ED4FFF00026E56E /* CreateListViewController.swift */,
				827D117B1ED4FFFD0026E56E /* CreateToDoViewController.swift */,
				825F336E1ED4862200C47B92 /* SignInViewController.swift */,
				825F33661ED3762200C47B92 /* ToDo.swift */,
				825F33681ED3783C00C47B92 /* List.swift */,
				825F336A1ED37CD200C47B92 /* Permissions.swift */,
				825F336C1ED37D5200C47B92 /* User.swift */,
				827D11771ED4F01E0026E56E /* Constants.swift */,
				82EFDEEE1ED32D77000294AC /* Main.storyboard */,
				82EFDEF11ED32D77000294AC /* Assets.xcassets */,
				82EFDEF31ED32D77000294AC /* LaunchScreen.storyboard */,
				82EFDEF61ED32D77000294AC /* Info.plist */,
			);
			path = HoneyDew;
			sourceTree = "<group>";
		};
		82EFDEFE1ED32D77000294AC /* HoneyDewTests */ = {
			isa = PBXGroup;
			children = (
				82EFDEFF1ED32D77000294AC /* HoneyDewTests.swift */,
				82EFDF011ED32D77000294AC /* Info.plist */,
			);
			path = HoneyDewTests;
			sourceTree = "<group>";
		};
		82EFDF091ED32D77000294AC /* HoneyDewUITests */ = {
			isa = PBXGroup;
			children = (
				82EFDF0A1ED32D77000294AC /* HoneyDewUITests.swift */,
				82EFDF0C1ED32D77000294AC /* Info.plist */,
			);
			path = HoneyDewUITests;
			sourceTree = "<group>";
		};
/* End PBXGroup section */

/* Begin PBXNativeTarget section */
		82EFDEE61ED32D77000294AC /* HoneyDew */ = {
			isa = PBXNativeTarget;
			buildConfigurationList = 82EFDF0F1ED32D77000294AC /* Build configuration list for PBXNativeTarget "HoneyDew" */;
			buildPhases = (
				3F07D1C44F14437FC2867E7A /* [CP] Check Pods Manifest.lock */,
				82EFDEE31ED32D77000294AC /* Sources */,
				82EFDEE41ED32D77000294AC /* Frameworks */,
				82EFDEE51ED32D77000294AC /* Resources */,
				A901CF8542128E468E344B13 /* [CP] Embed Pods Frameworks */,
				74CE8C9E4DEFD651E979F631 /* [CP] Copy Pods Resources */,
			);
			buildRules = (
			);
			dependencies = (
			);
			name = HoneyDew;
			productName = HoneyDew;
			productReference = 82EFDEE71ED32D77000294AC /* HoneyDew.app */;
			productType = "com.apple.product-type.application";
		};
		82EFDEFA1ED32D77000294AC /* HoneyDewTests */ = {
			isa = PBXNativeTarget;
			buildConfigurationList = 82EFDF121ED32D77000294AC /* Build configuration list for PBXNativeTarget "HoneyDewTests" */;
			buildPhases = (
				48AA48C20FEEC405390B7C29 /* [CP] Check Pods Manifest.lock */,
				82EFDEF71ED32D77000294AC /* Sources */,
				82EFDEF81ED32D77000294AC /* Frameworks */,
				82EFDEF91ED32D77000294AC /* Resources */,
				099D2EB536ECAEC89E2A4F28 /* [CP] Embed Pods Frameworks */,
				9C55598B1B3218D5DA3B50D5 /* [CP] Copy Pods Resources */,
			);
			buildRules = (
			);
			dependencies = (
				82EFDEFD1ED32D77000294AC /* PBXTargetDependency */,
			);
			name = HoneyDewTests;
			productName = HoneyDewTests;
			productReference = 82EFDEFB1ED32D77000294AC /* HoneyDewTests.xctest */;
			productType = "com.apple.product-type.bundle.unit-test";
		};
		82EFDF051ED32D77000294AC /* HoneyDewUITests */ = {
			isa = PBXNativeTarget;
			buildConfigurationList = 82EFDF151ED32D77000294AC /* Build configuration list for PBXNativeTarget "HoneyDewUITests" */;
			buildPhases = (
				A778C8A62B2EABECB427FEF5 /* [CP] Check Pods Manifest.lock */,
				82EFDF021ED32D77000294AC /* Sources */,
				82EFDF031ED32D77000294AC /* Frameworks */,
				82EFDF041ED32D77000294AC /* Resources */,
				09E4B10BCACB14439816F7D7 /* [CP] Embed Pods Frameworks */,
				E9085296986CF03CF98D3925 /* [CP] Copy Pods Resources */,
			);
			buildRules = (
			);
			dependencies = (
				82EFDF081ED32D77000294AC /* PBXTargetDependency */,
			);
			name = HoneyDewUITests;
			productName = HoneyDewUITests;
			productReference = 82EFDF061ED32D77000294AC /* HoneyDewUITests.xctest */;
			productType = "com.apple.product-type.bundle.ui-testing";
		};
/* End PBXNativeTarget section */

/* Begin PBXProject section */
		82EFDEDF1ED32D77000294AC /* Project object */ = {
			isa = PBXProject;
			attributes = {
				LastSwiftUpdateCheck = 0830;
				LastUpgradeCheck = 0830;
				ORGANIZATIONNAME = "Crystal Jade Allen-Washington";
				TargetAttributes = {
					82EFDEE61ED32D77000294AC = {
						CreatedOnToolsVersion = 8.3;
						ProvisioningStyle = Automatic;
					};
					82EFDEFA1ED32D77000294AC = {
						CreatedOnToolsVersion = 8.3;
						ProvisioningStyle = Automatic;
						TestTargetID = 82EFDEE61ED32D77000294AC;
					};
					82EFDF051ED32D77000294AC = {
						CreatedOnToolsVersion = 8.3;
						ProvisioningStyle = Automatic;
						TestTargetID = 82EFDEE61ED32D77000294AC;
					};
				};
			};
			buildConfigurationList = 82EFDEE21ED32D77000294AC /* Build configuration list for PBXProject "HoneyDew" */;
			compatibilityVersion = "Xcode 3.2";
			developmentRegion = English;
			hasScannedForEncodings = 0;
			knownRegions = (
				en,
				Base,
			);
			mainGroup = 82EFDEDE1ED32D77000294AC;
			productRefGroup = 82EFDEE81ED32D77000294AC /* Products */;
			projectDirPath = "";
			projectRoot = "";
			targets = (
				82EFDEE61ED32D77000294AC /* HoneyDew */,
				82EFDEFA1ED32D77000294AC /* HoneyDewTests */,
				82EFDF051ED32D77000294AC /* HoneyDewUITests */,
			);
		};
/* End PBXProject section */

/* Begin PBXResourcesBuildPhase section */
		82EFDEE51ED32D77000294AC /* Resources */ = {
			isa = PBXResourcesBuildPhase;
			buildActionMask = 2147483647;
			files = (
				82EFDEF51ED32D77000294AC /* LaunchScreen.storyboard in Resources */,
				82EFDF191ED32EFB000294AC /* GoogleService-Info.plist in Resources */,
				82EFDEF21ED32D77000294AC /* Assets.xcassets in Resources */,
				82EFDEF01ED32D77000294AC /* Main.storyboard in Resources */,
			);
			runOnlyForDeploymentPostprocessing = 0;
		};
		82EFDEF91ED32D77000294AC /* Resources */ = {
			isa = PBXResourcesBuildPhase;
			buildActionMask = 2147483647;
			files = (
			);
			runOnlyForDeploymentPostprocessing = 0;
		};
		82EFDF041ED32D77000294AC /* Resources */ = {
			isa = PBXResourcesBuildPhase;
			buildActionMask = 2147483647;
			files = (
			);
			runOnlyForDeploymentPostprocessing = 0;
		};
/* End PBXResourcesBuildPhase section */

/* Begin PBXShellScriptBuildPhase section */
		099D2EB536ECAEC89E2A4F28 /* [CP] Embed Pods Frameworks */ = {
			isa = PBXShellScriptBuildPhase;
			buildActionMask = 2147483647;
			files = (
			);
			inputPaths = (
			);
			name = "[CP] Embed Pods Frameworks";
			outputPaths = (
			);
			runOnlyForDeploymentPostprocessing = 0;
			shellPath = /bin/sh;
			shellScript = "\"${SRCROOT}/Pods/Target Support Files/Pods-HoneyDewTests/Pods-HoneyDewTests-frameworks.sh\"\n";
			showEnvVarsInLog = 0;
		};
		09E4B10BCACB14439816F7D7 /* [CP] Embed Pods Frameworks */ = {
			isa = PBXShellScriptBuildPhase;
			buildActionMask = 2147483647;
			files = (
			);
			inputPaths = (
			);
			name = "[CP] Embed Pods Frameworks";
			outputPaths = (
			);
			runOnlyForDeploymentPostprocessing = 0;
			shellPath = /bin/sh;
			shellScript = "\"${SRCROOT}/Pods/Target Support Files/Pods-HoneyDewUITests/Pods-HoneyDewUITests-frameworks.sh\"\n";
			showEnvVarsInLog = 0;
		};
		3F07D1C44F14437FC2867E7A /* [CP] Check Pods Manifest.lock */ = {
			isa = PBXShellScriptBuildPhase;
			buildActionMask = 2147483647;
			files = (
			);
			inputPaths = (
			);
			name = "[CP] Check Pods Manifest.lock";
			outputPaths = (
			);
			runOnlyForDeploymentPostprocessing = 0;
			shellPath = /bin/sh;
			shellScript = "diff \"${PODS_PODFILE_DIR_PATH}/Podfile.lock\" \"${PODS_ROOT}/Manifest.lock\" > /dev/null\nif [ $? != 0 ] ; then\n    # print error to STDERR\n    echo \"error: The sandbox is not in sync with the Podfile.lock. Run 'pod install' or update your CocoaPods installation.\" >&2\n    exit 1\nfi\n";
			showEnvVarsInLog = 0;
		};
		48AA48C20FEEC405390B7C29 /* [CP] Check Pods Manifest.lock */ = {
			isa = PBXShellScriptBuildPhase;
			buildActionMask = 2147483647;
			files = (
			);
			inputPaths = (
			);
			name = "[CP] Check Pods Manifest.lock";
			outputPaths = (
			);
			runOnlyForDeploymentPostprocessing = 0;
			shellPath = /bin/sh;
			shellScript = "diff \"${PODS_PODFILE_DIR_PATH}/Podfile.lock\" \"${PODS_ROOT}/Manifest.lock\" > /dev/null\nif [ $? != 0 ] ; then\n    # print error to STDERR\n    echo \"error: The sandbox is not in sync with the Podfile.lock. Run 'pod install' or update your CocoaPods installation.\" >&2\n    exit 1\nfi\n";
			showEnvVarsInLog = 0;
		};
		74CE8C9E4DEFD651E979F631 /* [CP] Copy Pods Resources */ = {
			isa = PBXShellScriptBuildPhase;
			buildActionMask = 2147483647;
			files = (
			);
			inputPaths = (
			);
			name = "[CP] Copy Pods Resources";
			outputPaths = (
			);
			runOnlyForDeploymentPostprocessing = 0;
			shellPath = /bin/sh;
			shellScript = "\"${SRCROOT}/Pods/Target Support Files/Pods-HoneyDew/Pods-HoneyDew-resources.sh\"\n";
			showEnvVarsInLog = 0;
		};
		9C55598B1B3218D5DA3B50D5 /* [CP] Copy Pods Resources */ = {
			isa = PBXShellScriptBuildPhase;
			buildActionMask = 2147483647;
			files = (
			);
			inputPaths = (
			);
			name = "[CP] Copy Pods Resources";
			outputPaths = (
			);
			runOnlyForDeploymentPostprocessing = 0;
			shellPath = /bin/sh;
			shellScript = "\"${SRCROOT}/Pods/Target Support Files/Pods-HoneyDewTests/Pods-HoneyDewTests-resources.sh\"\n";
			showEnvVarsInLog = 0;
		};
		A778C8A62B2EABECB427FEF5 /* [CP] Check Pods Manifest.lock */ = {
			isa = PBXShellScriptBuildPhase;
			buildActionMask = 2147483647;
			files = (
			);
			inputPaths = (
			);
			name = "[CP] Check Pods Manifest.lock";
			outputPaths = (
			);
			runOnlyForDeploymentPostprocessing = 0;
			shellPath = /bin/sh;
			shellScript = "diff \"${PODS_PODFILE_DIR_PATH}/Podfile.lock\" \"${PODS_ROOT}/Manifest.lock\" > /dev/null\nif [ $? != 0 ] ; then\n    # print error to STDERR\n    echo \"error: The sandbox is not in sync with the Podfile.lock. Run 'pod install' or update your CocoaPods installation.\" >&2\n    exit 1\nfi\n";
			showEnvVarsInLog = 0;
		};
		A901CF8542128E468E344B13 /* [CP] Embed Pods Frameworks */ = {
			isa = PBXShellScriptBuildPhase;
			buildActionMask = 2147483647;
			files = (
			);
			inputPaths = (
			);
			name = "[CP] Embed Pods Frameworks";
			outputPaths = (
			);
			runOnlyForDeploymentPostprocessing = 0;
			shellPath = /bin/sh;
			shellScript = "\"${SRCROOT}/Pods/Target Support Files/Pods-HoneyDew/Pods-HoneyDew-frameworks.sh\"\n";
			showEnvVarsInLog = 0;
		};
		E9085296986CF03CF98D3925 /* [CP] Copy Pods Resources */ = {
			isa = PBXShellScriptBuildPhase;
			buildActionMask = 2147483647;
			files = (
			);
			inputPaths = (
			);
			name = "[CP] Copy Pods Resources";
			outputPaths = (
			);
			runOnlyForDeploymentPostprocessing = 0;
			shellPath = /bin/sh;
			shellScript = "\"${SRCROOT}/Pods/Target Support Files/Pods-HoneyDewUITests/Pods-HoneyDewUITests-resources.sh\"\n";
			showEnvVarsInLog = 0;
		};
/* End PBXShellScriptBuildPhase section */

/* Begin PBXSourcesBuildPhase section */
		82EFDEE31ED32D77000294AC /* Sources */ = {
			isa = PBXSourcesBuildPhase;
			buildActionMask = 2147483647;
			files = (
				825F33711ED496A200C47B92 /* ToDoViewController.swift in Sources */,
				825F336F1ED4862200C47B92 /* SignInViewController.swift in Sources */,
				827D117A1ED4FFF00026E56E /* CreateListViewController.swift in Sources */,
				825F336B1ED37CD200C47B92 /* Permissions.swift in Sources */,
				825F33671ED3762200C47B92 /* ToDo.swift in Sources */,
				825F336D1ED37D5200C47B92 /* User.swift in Sources */,
				825F33691ED3783C00C47B92 /* List.swift in Sources */,
				82EFDEED1ED32D77000294AC /* ListViewController.swift in Sources */,
				82EFDEEB1ED32D77000294AC /* AppDelegate.swift in Sources */,
				827D11781ED4F01E0026E56E /* Constants.swift in Sources */,
				827D117C1ED4FFFD0026E56E /* CreateToDoViewController.swift in Sources */,
			);
			runOnlyForDeploymentPostprocessing = 0;
		};
		82EFDEF71ED32D77000294AC /* Sources */ = {
			isa = PBXSourcesBuildPhase;
			buildActionMask = 2147483647;
			files = (
				82EFDF001ED32D77000294AC /* HoneyDewTests.swift in Sources */,
			);
			runOnlyForDeploymentPostprocessing = 0;
		};
		82EFDF021ED32D77000294AC /* Sources */ = {
			isa = PBXSourcesBuildPhase;
			buildActionMask = 2147483647;
			files = (
				82EFDF0B1ED32D77000294AC /* HoneyDewUITests.swift in Sources */,
			);
			runOnlyForDeploymentPostprocessing = 0;
		};
/* End PBXSourcesBuildPhase section */

/* Begin PBXTargetDependency section */
		82EFDEFD1ED32D77000294AC /* PBXTargetDependency */ = {
			isa = PBXTargetDependency;
			target = 82EFDEE61ED32D77000294AC /* HoneyDew */;
			targetProxy = 82EFDEFC1ED32D77000294AC /* PBXContainerItemProxy */;
		};
		82EFDF081ED32D77000294AC /* PBXTargetDependency */ = {
			isa = PBXTargetDependency;
			target = 82EFDEE61ED32D77000294AC /* HoneyDew */;
			targetProxy = 82EFDF071ED32D77000294AC /* PBXContainerItemProxy */;
		};
/* End PBXTargetDependency section */

/* Begin PBXVariantGroup section */
		82EFDEEE1ED32D77000294AC /* Main.storyboard */ = {
			isa = PBXVariantGroup;
			children = (
				82EFDEEF1ED32D77000294AC /* Base */,
			);
			name = Main.storyboard;
			sourceTree = "<group>";
		};
		82EFDEF31ED32D77000294AC /* LaunchScreen.storyboard */ = {
			isa = PBXVariantGroup;
			children = (
				82EFDEF41ED32D77000294AC /* Base */,
			);
			name = LaunchScreen.storyboard;
			sourceTree = "<group>";
		};
/* End PBXVariantGroup section */

/* Begin XCBuildConfiguration section */
		82EFDF0D1ED32D77000294AC /* Debug */ = {
			isa = XCBuildConfiguration;
			buildSettings = {
				ALWAYS_SEARCH_USER_PATHS = NO;
				CLANG_ANALYZER_NONNULL = YES;
				CLANG_ANALYZER_NUMBER_OBJECT_CONVERSION = YES_AGGRESSIVE;
				CLANG_CXX_LANGUAGE_STANDARD = "gnu++0x";
				CLANG_CXX_LIBRARY = "libc++";
				CLANG_ENABLE_MODULES = YES;
				CLANG_ENABLE_OBJC_ARC = YES;
				CLANG_WARN_BOOL_CONVERSION = YES;
				CLANG_WARN_CONSTANT_CONVERSION = YES;
				CLANG_WARN_DIRECT_OBJC_ISA_USAGE = YES_ERROR;
				CLANG_WARN_DOCUMENTATION_COMMENTS = YES;
				CLANG_WARN_EMPTY_BODY = YES;
				CLANG_WARN_ENUM_CONVERSION = YES;
				CLANG_WARN_INFINITE_RECURSION = YES;
				CLANG_WARN_INT_CONVERSION = YES;
				CLANG_WARN_OBJC_ROOT_CLASS = YES_ERROR;
				CLANG_WARN_SUSPICIOUS_MOVE = YES;
				CLANG_WARN_UNREACHABLE_CODE = YES;
				CLANG_WARN__DUPLICATE_METHOD_MATCH = YES;
				"CODE_SIGN_IDENTITY[sdk=iphoneos*]" = "iPhone Developer";
				COPY_PHASE_STRIP = NO;
				DEBUG_INFORMATION_FORMAT = dwarf;
				ENABLE_STRICT_OBJC_MSGSEND = YES;
				ENABLE_TESTABILITY = YES;
				GCC_C_LANGUAGE_STANDARD = gnu99;
				GCC_DYNAMIC_NO_PIC = NO;
				GCC_NO_COMMON_BLOCKS = YES;
				GCC_OPTIMIZATION_LEVEL = 0;
				GCC_PREPROCESSOR_DEFINITIONS = (
					"DEBUG=1",
					"$(inherited)",
				);
				GCC_WARN_64_TO_32_BIT_CONVERSION = YES;
				GCC_WARN_ABOUT_RETURN_TYPE = YES_ERROR;
				GCC_WARN_UNDECLARED_SELECTOR = YES;
				GCC_WARN_UNINITIALIZED_AUTOS = YES_AGGRESSIVE;
				GCC_WARN_UNUSED_FUNCTION = YES;
				GCC_WARN_UNUSED_VARIABLE = YES;
				IPHONEOS_DEPLOYMENT_TARGET = 10.3;
				MTL_ENABLE_DEBUG_INFO = YES;
				ONLY_ACTIVE_ARCH = YES;
				SDKROOT = iphoneos;
				SWIFT_ACTIVE_COMPILATION_CONDITIONS = DEBUG;
				SWIFT_OPTIMIZATION_LEVEL = "-Onone";
				TARGETED_DEVICE_FAMILY = "1,2";
			};
			name = Debug;
		};
		82EFDF0E1ED32D77000294AC /* Release */ = {
			isa = XCBuildConfiguration;
			buildSettings = {
				ALWAYS_SEARCH_USER_PATHS = NO;
				CLANG_ANALYZER_NONNULL = YES;
				CLANG_ANALYZER_NUMBER_OBJECT_CONVERSION = YES_AGGRESSIVE;
				CLANG_CXX_LANGUAGE_STANDARD = "gnu++0x";
				CLANG_CXX_LIBRARY = "libc++";
				CLANG_ENABLE_MODULES = YES;
				CLANG_ENABLE_OBJC_ARC = YES;
				CLANG_WARN_BOOL_CONVERSION = YES;
				CLANG_WARN_CONSTANT_CONVERSION = YES;
				CLANG_WARN_DIRECT_OBJC_ISA_USAGE = YES_ERROR;
				CLANG_WARN_DOCUMENTATION_COMMENTS = YES;
				CLANG_WARN_EMPTY_BODY = YES;
				CLANG_WARN_ENUM_CONVERSION = YES;
				CLANG_WARN_INFINITE_RECURSION = YES;
				CLANG_WARN_INT_CONVERSION = YES;
				CLANG_WARN_OBJC_ROOT_CLASS = YES_ERROR;
				CLANG_WARN_SUSPICIOUS_MOVE = YES;
				CLANG_WARN_UNREACHABLE_CODE = YES;
				CLANG_WARN__DUPLICATE_METHOD_MATCH = YES;
				"CODE_SIGN_IDENTITY[sdk=iphoneos*]" = "iPhone Developer";
				COPY_PHASE_STRIP = NO;
				DEBUG_INFORMATION_FORMAT = "dwarf-with-dsym";
				ENABLE_NS_ASSERTIONS = NO;
				ENABLE_STRICT_OBJC_MSGSEND = YES;
				GCC_C_LANGUAGE_STANDARD = gnu99;
				GCC_NO_COMMON_BLOCKS = YES;
				GCC_WARN_64_TO_32_BIT_CONVERSION = YES;
				GCC_WARN_ABOUT_RETURN_TYPE = YES_ERROR;
				GCC_WARN_UNDECLARED_SELECTOR = YES;
				GCC_WARN_UNINITIALIZED_AUTOS = YES_AGGRESSIVE;
				GCC_WARN_UNUSED_FUNCTION = YES;
				GCC_WARN_UNUSED_VARIABLE = YES;
				IPHONEOS_DEPLOYMENT_TARGET = 10.3;
				MTL_ENABLE_DEBUG_INFO = NO;
				SDKROOT = iphoneos;
				SWIFT_OPTIMIZATION_LEVEL = "-Owholemodule";
				TARGETED_DEVICE_FAMILY = "1,2";
				VALIDATE_PRODUCT = YES;
			};
			name = Release;
		};
		82EFDF101ED32D77000294AC /* Debug */ = {
			isa = XCBuildConfiguration;
			baseConfigurationReference = 9BAE31BC3137C1BB1437C57D /* Pods-HoneyDew.debug.xcconfig */;
			buildSettings = {
				ASSETCATALOG_COMPILER_APPICON_NAME = AppIcon;
				INFOPLIST_FILE = HoneyDew/Info.plist;
				LD_RUNPATH_SEARCH_PATHS = "$(inherited) @executable_path/Frameworks";
				PRODUCT_BUNDLE_IDENTIFIER = "CJA-Enterprises.HoneyDew";
				PRODUCT_NAME = "$(TARGET_NAME)";
				SWIFT_VERSION = 3.0;
			};
			name = Debug;
		};
		82EFDF111ED32D77000294AC /* Release */ = {
			isa = XCBuildConfiguration;
			baseConfigurationReference = F3D1F74C80A9009DD5013597 /* Pods-HoneyDew.release.xcconfig */;
			buildSettings = {
				ASSETCATALOG_COMPILER_APPICON_NAME = AppIcon;
				INFOPLIST_FILE = HoneyDew/Info.plist;
				LD_RUNPATH_SEARCH_PATHS = "$(inherited) @executable_path/Frameworks";
				PRODUCT_BUNDLE_IDENTIFIER = "CJA-Enterprises.HoneyDew";
				PRODUCT_NAME = "$(TARGET_NAME)";
				SWIFT_VERSION = 3.0;
			};
			name = Release;
		};
		82EFDF131ED32D77000294AC /* Debug */ = {
			isa = XCBuildConfiguration;
			baseConfigurationReference = 4E6F833B3260004599E4C3D8 /* Pods-HoneyDewTests.debug.xcconfig */;
			buildSettings = {
				ALWAYS_EMBED_SWIFT_STANDARD_LIBRARIES = YES;
				BUNDLE_LOADER = "$(TEST_HOST)";
				INFOPLIST_FILE = HoneyDewTests/Info.plist;
				LD_RUNPATH_SEARCH_PATHS = "$(inherited) @executable_path/Frameworks @loader_path/Frameworks";
				PRODUCT_BUNDLE_IDENTIFIER = "CJA-Enterprises.HoneyDewTests";
				PRODUCT_NAME = "$(TARGET_NAME)";
				SWIFT_VERSION = 3.0;
				TEST_HOST = "$(BUILT_PRODUCTS_DIR)/HoneyDew.app/HoneyDew";
			};
			name = Debug;
		};
		82EFDF141ED32D77000294AC /* Release */ = {
			isa = XCBuildConfiguration;
			baseConfigurationReference = 11F25437FC21256416AFB67B /* Pods-HoneyDewTests.release.xcconfig */;
			buildSettings = {
				ALWAYS_EMBED_SWIFT_STANDARD_LIBRARIES = YES;
				BUNDLE_LOADER = "$(TEST_HOST)";
				INFOPLIST_FILE = HoneyDewTests/Info.plist;
				LD_RUNPATH_SEARCH_PATHS = "$(inherited) @executable_path/Frameworks @loader_path/Frameworks";
				PRODUCT_BUNDLE_IDENTIFIER = "CJA-Enterprises.HoneyDewTests";
				PRODUCT_NAME = "$(TARGET_NAME)";
				SWIFT_VERSION = 3.0;
				TEST_HOST = "$(BUILT_PRODUCTS_DIR)/HoneyDew.app/HoneyDew";
			};
			name = Release;
		};
		82EFDF161ED32D77000294AC /* Debug */ = {
			isa = XCBuildConfiguration;
			baseConfigurationReference = 6E1A26156730198688FF2A86 /* Pods-HoneyDewUITests.debug.xcconfig */;
			buildSettings = {
				ALWAYS_EMBED_SWIFT_STANDARD_LIBRARIES = YES;
				INFOPLIST_FILE = HoneyDewUITests/Info.plist;
				LD_RUNPATH_SEARCH_PATHS = "$(inherited) @executable_path/Frameworks @loader_path/Frameworks";
				PRODUCT_BUNDLE_IDENTIFIER = "CJA-Enterprises.HoneyDewUITests";
				PRODUCT_NAME = "$(TARGET_NAME)";
				SWIFT_VERSION = 3.0;
				TEST_TARGET_NAME = HoneyDew;
			};
			name = Debug;
		};
		82EFDF171ED32D77000294AC /* Release */ = {
			isa = XCBuildConfiguration;
			baseConfigurationReference = E3F2F9954B64F04B22080741 /* Pods-HoneyDewUITests.release.xcconfig */;
			buildSettings = {
				ALWAYS_EMBED_SWIFT_STANDARD_LIBRARIES = YES;
				INFOPLIST_FILE = HoneyDewUITests/Info.plist;
				LD_RUNPATH_SEARCH_PATHS = "$(inherited) @executable_path/Frameworks @loader_path/Frameworks";
				PRODUCT_BUNDLE_IDENTIFIER = "CJA-Enterprises.HoneyDewUITests";
				PRODUCT_NAME = "$(TARGET_NAME)";
				SWIFT_VERSION = 3.0;
				TEST_TARGET_NAME = HoneyDew;
			};
			name = Release;
		};
/* End XCBuildConfiguration section */

/* Begin XCConfigurationList section */
		82EFDEE21ED32D77000294AC /* Build configuration list for PBXProject "HoneyDew" */ = {
			isa = XCConfigurationList;
			buildConfigurations = (
				82EFDF0D1ED32D77000294AC /* Debug */,
				82EFDF0E1ED32D77000294AC /* Release */,
			);
			defaultConfigurationIsVisible = 0;
			defaultConfigurationName = Release;
		};
		82EFDF0F1ED32D77000294AC /* Build configuration list for PBXNativeTarget "HoneyDew" */ = {
			isa = XCConfigurationList;
			buildConfigurations = (
				82EFDF101ED32D77000294AC /* Debug */,
				82EFDF111ED32D77000294AC /* Release */,
			);
			defaultConfigurationIsVisible = 0;
			defaultConfigurationName = Release;
		};
		82EFDF121ED32D77000294AC /* Build configuration list for PBXNativeTarget "HoneyDewTests" */ = {
			isa = XCConfigurationList;
			buildConfigurations = (
				82EFDF131ED32D77000294AC /* Debug */,
				82EFDF141ED32D77000294AC /* Release */,
			);
			defaultConfigurationIsVisible = 0;
			defaultConfigurationName = Release;
		};
		82EFDF151ED32D77000294AC /* Build configuration list for PBXNativeTarget "HoneyDewUITests" */ = {
			isa = XCConfigurationList;
			buildConfigurations = (
				82EFDF161ED32D77000294AC /* Debug */,
				82EFDF171ED32D77000294AC /* Release */,
			);
			defaultConfigurationIsVisible = 0;
			defaultConfigurationName = Release;
		};
/* End XCConfigurationList section */
	};
	rootObject = 82EFDEDF1ED32D77000294AC /* Project object */;
}
